
Microsoft Visual Studio Solution File, Format Version 12.00
# Visual Studio 15
VisualStudioVersion = 15.0.28307.902
MinimumVisualStudioVersion = 10.0.40219.1
Project("{FAE04EC0-301F-11D3-BF4B-00C04F79EFBC}") = "AppointmentScheduler", "AppointmentScheduler\AppointmentScheduler.csproj", "{F4ADBE47-CF70-4A57-A5B8-B60B96E2733F}"
EndProject
Project("{FAE04EC0-301F-11D3-BF4B-00C04F79EFBC}") = "AppointmentLibrary", "AppointmentLibrary\AppointmentLibrary.csproj", "{FDF64F49-0768-47C0-96F5-A51B1135894B}"
EndProject
Global
	GlobalSection(SolutionConfigurationPlatforms) = preSolution
		Debug|Any CPU = Debug|Any CPU
		Release|Any CPU = Release|Any CPU
	EndGlobalSection
	GlobalSection(ProjectConfigurationPlatforms) = postSolution
		{F4ADBE47-CF70-4A57-A5B8-B60B96E2733F}.Debug|Any CPU.ActiveCfg = Debug|Any CPU
		{F4ADBE47-CF70-4A57-A5B8-B60B96E2733F}.Debug|Any CPU.Build.0 = Debug|Any CPU
		{F4ADBE47-CF70-4A57-A5B8-B60B96E2733F}.Release|Any CPU.ActiveCfg = Release|Any CPU
		{F4ADBE47-CF70-4A57-A5B8-B60B96E2733F}.Release|Any CPU.Build.0 = Release|Any CPU
		{FDF64F49-0768-47C0-96F5-A51B1135894B}.Debug|Any CPU.ActiveCfg = Debug|Any CPU
		{FDF64F49-0768-47C0-96F5-A51B1135894B}.Debug|Any CPU.Build.0 = Debug|Any CPU
		{FDF64F49-0768-47C0-96F5-A51B1135894B}.Release|Any CPU.ActiveCfg = Release|Any CPU
		{FDF64F49-0768-47C0-96F5-A51B1135894B}.Release|Any CPU.Build.0 = Release|Any CPU
	EndGlobalSection
	GlobalSection(SolutionProperties) = preSolution
		HideSolutionNode = FALSE
	EndGlobalSection
	GlobalSection(ExtensibilityGlobals) = postSolution
		SolutionGuid = {B9AEBF8F-32E7-4B17-A7D5-B184ADC31FDD}
	EndGlobalSection
EndGlobal
